
Microsoft Visual Studio Solution File, Format Version 12.00
# Visual Studio Version 17
VisualStudioVersion = 17.2.32616.157
MinimumVisualStudioVersion = 10.0.40219.1
Project("{FAE04EC0-301F-11D3-BF4B-00C04F79EFBC}") = "Home17", "Home17\Home17.csproj", "{B5D6F191-E714-4EA8-95F8-BB77DD239494}"
EndProject
Global
	GlobalSection(SolutionConfigurationPlatforms) = preSolution
		Debug|Any CPU = Debug|Any CPU
		Release|Any CPU = Release|Any CPU
	EndGlobalSection
	GlobalSection(ProjectConfigurationPlatforms) = postSolution
		{B5D6F191-E714-4EA8-95F8-BB77DD239494}.Debug|Any CPU.ActiveCfg = Debug|Any CPU
		{B5D6F191-E714-4EA8-95F8-BB77DD239494}.Debug|Any CPU.Build.0 = Debug|Any CPU
		{B5D6F191-E714-4EA8-95F8-BB77DD239494}.Release|Any CPU.ActiveCfg = Release|Any CPU
		{B5D6F191-E714-4EA8-95F8-BB77DD239494}.Release|Any CPU.Build.0 = Release|Any CPU
	EndGlobalSection
	GlobalSection(SolutionProperties) = preSolution
		HideSolutionNode = FALSE
	EndGlobalSection
	GlobalSection(ExtensibilityGlobals) = postSolution
		SolutionGuid = {A85B04C6-9D00-45DA-BF84-FF0F21DABEA9}
	EndGlobalSection
EndGlobal
