
Microsoft Visual Studio Solution File, Format Version 12.00
# Visual Studio Version 17
VisualStudioVersion = 17.2.32616.157
MinimumVisualStudioVersion = 10.0.40219.1
Project("{FAE04EC0-301F-11D3-BF4B-00C04F79EFBC}") = "Home4", "Home4\Home4.csproj", "{0B43DB4E-9EB3-4321-A3D1-1EE23664CAAC}"
EndProject
Global
	GlobalSection(SolutionConfigurationPlatforms) = preSolution
		Debug|Any CPU = Debug|Any CPU
		Release|Any CPU = Release|Any CPU
	EndGlobalSection
	GlobalSection(ProjectConfigurationPlatforms) = postSolution
		{0B43DB4E-9EB3-4321-A3D1-1EE23664CAAC}.Debug|Any CPU.ActiveCfg = Debug|Any CPU
		{0B43DB4E-9EB3-4321-A3D1-1EE23664CAAC}.Debug|Any CPU.Build.0 = Debug|Any CPU
		{0B43DB4E-9EB3-4321-A3D1-1EE23664CAAC}.Release|Any CPU.ActiveCfg = Release|Any CPU
		{0B43DB4E-9EB3-4321-A3D1-1EE23664CAAC}.Release|Any CPU.Build.0 = Release|Any CPU
	EndGlobalSection
	GlobalSection(SolutionProperties) = preSolution
		HideSolutionNode = FALSE
	EndGlobalSection
	GlobalSection(ExtensibilityGlobals) = postSolution
		SolutionGuid = {88159302-E4A4-4235-AA5C-4B4F3F923F45}
	EndGlobalSection
EndGlobal
